# requirements.lock — Pinned production dependencies for deterministic Docker builds.
# Update only via explicit review. Regenerate with:
#   pip install -e ".[dev]" && pip freeze | grep -iE "^(pyswisseph|fastapi|uvicorn|jsonschema|cachetools|slowapi|limits|deprecated|packaging|wrapt|...)" > requirements.lock
#
# Direct dependencies (from pyproject.toml):
pyswisseph==2.10.3.2
fastapi==0.135.1
uvicorn[standard]==0.41.0
jsonschema==4.26.0
cachetools==7.0.5
slowapi==0.1.9
httpx==0.28.1
tzdata==2026.2
# Transitive dependencies pinned for reproducibility:
annotated-doc==0.0.4
annotated-types==0.7.0
anyio==4.12.1
attrs==25.4.0
certifi==2025.4.26
click==8.3.3
Deprecated==1.3.1
h11==0.16.0
httpcore==1.0.9
httptools==0.7.1
idna==3.18
jsonschema-specifications==2025.9.1
limits==5.8.0
packaging==26.0
pydantic==2.12.5
pydantic_core==2.41.5
referencing==0.37.0
rpds-py==0.30.0
sniffio==1.3.1
starlette==1.3.1
typing_extensions==4.15.0
typing-inspection==0.4.2
watchfiles==1.1.1
websockets==16.0
wrapt==2.1.2
